
Microsoft Visual Studio Solution File, Format Version 12.00
Project("{FAE04EC0-301F-11D3-BF4B-00C04F79EFBC}") = "ScorePredictionApp", "ScorePredictionApp\ScorePredictionApp.csproj", "{990606F0-E038-452E-9B18-224747263CAC}"
EndProject
Global
	GlobalSection(SolutionConfigurationPlatforms) = preSolution
		Debug|Any CPU = Debug|Any CPU
		Release|Any CPU = Release|Any CPU
	EndGlobalSection
	GlobalSection(ProjectConfigurationPlatforms) = postSolution
		{990606F0-E038-452E-9B18-224747263CAC}.Debug|Any CPU.ActiveCfg = Debug|Any CPU
		{990606F0-E038-452E-9B18-224747263CAC}.Debug|Any CPU.Build.0 = Debug|Any CPU
		{990606F0-E038-452E-9B18-224747263CAC}.Release|Any CPU.ActiveCfg = Release|Any CPU
		{990606F0-E038-452E-9B18-224747263CAC}.Release|Any CPU.Build.0 = Release|Any CPU
	EndGlobalSection
EndGlobal
